// !$*UTF8*$!
{
	archiveVersion = 1;
	classes = {
	};
	objectVersion = 46;
	objects = {

/* Begin PBXBuildFile section */
		454D86336872A50FF82B25FA /* libPods-mightyassets.a in Frameworks */ = {isa = PBXBuildFile; fileRef = 83AA3957F832637C9B59A446 /* libPods-mightyassets.a */; };
		DA94F7AB1CC9476E00FC50C9 /* brand.xcassets in Resources */ = {isa = PBXBuildFile; fileRef = DA94F7AA1CC9476E00FC50C9 /* brand.xcassets */; };
		DA9A40E71CCE531500E49298 /* add.xcassets in Resources */ = {isa = PBXBuildFile; fileRef = DA9A40E61CCE531500E49298 /* add.xcassets */; };
		DA9A40EA1CCE555F00E49298 /* madditempositioniphoneportrait.m in Sources */ = {isa = PBXBuildFile; fileRef = DA9A40E91CCE555F00E49298 /* madditempositioniphoneportrait.m */; };
		DA9A40ED1CCE5B7900E49298 /* madditemposition.m in Sources */ = {isa = PBXBuildFile; fileRef = DA9A40EC1CCE5B7900E49298 /* madditemposition.m */; };
		DA9A40F01CCE5C4600E49298 /* vaddcellposition.m in Sources */ = {isa = PBXBuildFile; fileRef = DA9A40EF1CCE5C4600E49298 /* vaddcellposition.m */; };
		DA9A40F31CCE5DC100E49298 /* vaddcellpositioncell.m in Sources */ = {isa = PBXBuildFile; fileRef = DA9A40F21CCE5DC100E49298 /* vaddcellpositioncell.m */; };
		DA9A40F61CCE5F4400E49298 /* madditempositionitem.m in Sources */ = {isa = PBXBuildFile; fileRef = DA9A40F51CCE5F4400E49298 /* madditempositionitem.m */; };
		DA9A40F91CCE602E00E49298 /* madditempositionitemiphoneportraitfull.m in Sources */ = {isa = PBXBuildFile; fileRef = DA9A40F81CCE602E00E49298 /* madditempositionitemiphoneportraitfull.m */; };
		DA9A40FC1CCE603900E49298 /* madditempositionitemiphoneportraitusable.m in Sources */ = {isa = PBXBuildFile; fileRef = DA9A40FB1CCE603900E49298 /* madditempositionitemiphoneportraitusable.m */; };
		DA9A40FF1CCE6FBC00E49298 /* maddsectionscreens.m in Sources */ = {isa = PBXBuildFile; fileRef = DA9A40FE1CCE6FBC00E49298 /* maddsectionscreens.m */; };
		DA9A41021CCE738E00E49298 /* madditemscreensedit.m in Sources */ = {isa = PBXBuildFile; fileRef = DA9A41011CCE738E00E49298 /* madditemscreensedit.m */; };
		DA9A41051CCE753100E49298 /* madditemscreensadd.m in Sources */ = {isa = PBXBuildFile; fileRef = DA9A41041CCE753100E49298 /* madditemscreensadd.m */; };
		DA9A41081CCE77A100E49298 /* vaddcellscreensedit.m in Sources */ = {isa = PBXBuildFile; fileRef = DA9A41071CCE77A100E49298 /* vaddcellscreensedit.m */; };
		DA9A410B1CCE77AD00E49298 /* vaddcellscreensadd.m in Sources */ = {isa = PBXBuildFile; fileRef = DA9A410A1CCE77AD00E49298 /* vaddcellscreensadd.m */; };
		DAAFB2871CC96842003173A7 /* vlanding.m in Sources */ = {isa = PBXBuildFile; fileRef = DAAFB2861CC96842003173A7 /* vlanding.m */; };
		DAAFB28A1CC96947003173A7 /* vlandingbar.m in Sources */ = {isa = PBXBuildFile; fileRef = DAAFB2891CC96947003173A7 /* vlandingbar.m */; };
		DAAFB28D1CC970AB003173A7 /* vlandingclearheader.m in Sources */ = {isa = PBXBuildFile; fileRef = DAAFB28C1CC970AB003173A7 /* vlandingclearheader.m */; };
		DAAFB2901CC970B4003173A7 /* vlandingcell.m in Sources */ = {isa = PBXBuildFile; fileRef = DAAFB28F1CC970B4003173A7 /* vlandingcell.m */; };
		DAAFB2941CC972C8003173A7 /* mfixedconstraints.m in Sources */ = {isa = PBXBuildFile; fileRef = DAAFB2931CC972C8003173A7 /* mfixedconstraints.m */; };
		DAAFB2971CC9872A003173A7 /* cadd.m in Sources */ = {isa = PBXBuildFile; fileRef = DAAFB2961CC9872A003173A7 /* cadd.m */; };
		DAAFB29B1CC9878C003173A7 /* vadd.m in Sources */ = {isa = PBXBuildFile; fileRef = DAAFB29A1CC9878C003173A7 /* vadd.m */; };
		DAAFB29E1CC98A76003173A7 /* vaddbar.m in Sources */ = {isa = PBXBuildFile; fileRef = DAAFB29D1CC98A76003173A7 /* vaddbar.m */; };
		DAAFB2A11CC98F8C003173A7 /* vaddcell.m in Sources */ = {isa = PBXBuildFile; fileRef = DAAFB2A01CC98F8C003173A7 /* vaddcell.m */; };
		DAAFB2A41CC98F9F003173A7 /* vaddheader.m in Sources */ = {isa = PBXBuildFile; fileRef = DAAFB2A31CC98F9F003173A7 /* vaddheader.m */; };
		DAAFB2A81CC99385003173A7 /* madd.m in Sources */ = {isa = PBXBuildFile; fileRef = DAAFB2A71CC99385003173A7 /* madd.m */; };
		DAAFB2AB1CC9939F003173A7 /* maddsection.m in Sources */ = {isa = PBXBuildFile; fileRef = DAAFB2AA1CC9939F003173A7 /* maddsection.m */; };
		DAAFB2AE1CC993DC003173A7 /* madditem.m in Sources */ = {isa = PBXBuildFile; fileRef = DAAFB2AD1CC993DC003173A7 /* madditem.m */; };
		DAAFB2B11CC994FD003173A7 /* maddsectionproject.m in Sources */ = {isa = PBXBuildFile; fileRef = DAAFB2B01CC994FD003173A7 /* maddsectionproject.m */; };
		DAAFB2B41CC9959D003173A7 /* madditemprojectname.m in Sources */ = {isa = PBXBuildFile; fileRef = DAAFB2B31CC9959D003173A7 /* madditemprojectname.m */; };
		DAAFB2B71CC9AA20003173A7 /* madditemprojectdevices.m in Sources */ = {isa = PBXBuildFile; fileRef = DAAFB2B61CC9AA20003173A7 /* madditemprojectdevices.m */; };
		DAAFB2BA1CC9ACA1003173A7 /* maddsectioncolors.m in Sources */ = {isa = PBXBuildFile; fileRef = DAAFB2B91CC9ACA1003173A7 /* maddsectioncolors.m */; };
		DAAFB2BD1CC9AD7A003173A7 /* madditemcolorsbackground.m in Sources */ = {isa = PBXBuildFile; fileRef = DAAFB2BC1CC9AD7A003173A7 /* madditemcolorsbackground.m */; };
		DAAFB2C31CCA9F06003173A7 /* vaddcellcolor.m in Sources */ = {isa = PBXBuildFile; fileRef = DAAFB2C21CCA9F06003173A7 /* vaddcellcolor.m */; };
		DAAFB2C61CCAAD6B003173A7 /* madditemcolors.m in Sources */ = {isa = PBXBuildFile; fileRef = DAAFB2C51CCAAD6B003173A7 /* madditemcolors.m */; };
		DAAFB2C91CCAB230003173A7 /* madditemcolorsdevice.m in Sources */ = {isa = PBXBuildFile; fileRef = DAAFB2C81CCAB230003173A7 /* madditemcolorsdevice.m */; };
		DAAFB2CC1CCAB37A003173A7 /* madditemcolorstext.m in Sources */ = {isa = PBXBuildFile; fileRef = DAAFB2CB1CCAB37A003173A7 /* madditemcolorstext.m */; };
		DAAFB2CF1CCAB8D8003173A7 /* caddcolor.m in Sources */ = {isa = PBXBuildFile; fileRef = DAAFB2CE1CCAB8D8003173A7 /* caddcolor.m */; };
		DAAFB2D31CCABD60003173A7 /* vaddcolor.m in Sources */ = {isa = PBXBuildFile; fileRef = DAAFB2D21CCABD60003173A7 /* vaddcolor.m */; };
		DAAFB2D61CCABD6C003173A7 /* vaddcolorbar.m in Sources */ = {isa = PBXBuildFile; fileRef = DAAFB2D51CCABD6C003173A7 /* vaddcolorbar.m */; };
		DAAFB2DB1CCC4D1E003173A7 /* generic.xcassets in Resources */ = {isa = PBXBuildFile; fileRef = DAAFB2DA1CCC4D1E003173A7 /* generic.xcassets */; };
		DAAFB2DF1CCC5348003173A7 /* maddcolor.m in Sources */ = {isa = PBXBuildFile; fileRef = DAAFB2DE1CCC5348003173A7 /* maddcolor.m */; };
		DAAFB2E21CCC539E003173A7 /* maddcoloritem.m in Sources */ = {isa = PBXBuildFile; fileRef = DAAFB2E11CCC539E003173A7 /* maddcoloritem.m */; };
		DAAFB2E71CCC5777003173A7 /* colors.plist in Resources */ = {isa = PBXBuildFile; fileRef = DAAFB2E61CCC5777003173A7 /* colors.plist */; };
		DAAFB2EA1CCC60D5003173A7 /* vaddcolorcell.m in Sources */ = {isa = PBXBuildFile; fileRef = DAAFB2E91CCC60D5003173A7 /* vaddcolorcell.m */; };
		DAAFB2ED1CCDBC4D003173A7 /* maddsectionposition.m in Sources */ = {isa = PBXBuildFile; fileRef = DAAFB2EC1CCDBC4D003173A7 /* maddsectionposition.m */; };
		DAB376FD1CC93901001E8625 /* mightyassets.db in Resources */ = {isa = PBXBuildFile; fileRef = DAB376BE1CC93901001E8625 /* mightyassets.db */; };
		DAB376FE1CC93901001E8625 /* analytics.plist in Resources */ = {isa = PBXBuildFile; fileRef = DAB376C11CC93901001E8625 /* analytics.plist */; };
		DAB376FF1CC93901001E8625 /* defs.plist in Resources */ = {isa = PBXBuildFile; fileRef = DAB376C21CC93901001E8625 /* defs.plist */; };
		DAB377001CC93901001E8625 /* Localizable.strings in Resources */ = {isa = PBXBuildFile; fileRef = DAB376C31CC93901001E8625 /* Localizable.strings */; };
		DAB377011CC93901001E8625 /* appdel.m in Sources */ = {isa = PBXBuildFile; fileRef = DAB376C91CC93901001E8625 /* appdel.m */; };
		DAB377031CC93901001E8625 /* main.m in Sources */ = {isa = PBXBuildFile; fileRef = DAB376CB1CC93901001E8625 /* main.m */; };
		DAB377041CC93901001E8625 /* analytics.m in Sources */ = {isa = PBXBuildFile; fileRef = DAB376CE1CC93901001E8625 /* analytics.m */; };
		DAB377051CC93901001E8625 /* nsnotification+nsnotificationmain.m in Sources */ = {isa = PBXBuildFile; fileRef = DAB376D11CC93901001E8625 /* nsnotification+nsnotificationmain.m */; };
		DAB377061CC93901001E8625 /* tools.m in Sources */ = {isa = PBXBuildFile; fileRef = DAB376D31CC93901001E8625 /* tools.m */; };
		DAB377071CC93901001E8625 /* uicolor+uicolormain.m in Sources */ = {isa = PBXBuildFile; fileRef = DAB376D51CC93901001E8625 /* uicolor+uicolormain.m */; };
		DAB377081CC93901001E8625 /* uifont+uifontmain.m in Sources */ = {isa = PBXBuildFile; fileRef = DAB376D71CC93901001E8625 /* uifont+uifontmain.m */; };
		DAB377091CC93901001E8625 /* updater.m in Sources */ = {isa = PBXBuildFile; fileRef = DAB376D91CC93901001E8625 /* updater.m */; };
		DAB3770A1CC93901001E8625 /* libdb.a in Frameworks */ = {isa = PBXBuildFile; fileRef = DAB376DD1CC93901001E8625 /* libdb.a */; };
		DAB3770B1CC93901001E8625 /* libtimerbg.a in Frameworks */ = {isa = PBXBuildFile; fileRef = DAB376DE1CC93901001E8625 /* libtimerbg.a */; };
		DAB3770C1CC93901001E8625 /* cmain.m in Sources */ = {isa = PBXBuildFile; fileRef = DAB376E71CC93901001E8625 /* cmain.m */; };
		DAB3770D1CC93901001E8625 /* cpages.m in Sources */ = {isa = PBXBuildFile; fileRef = DAB376E91CC93901001E8625 /* cpages.m */; };
		DAB3770E1CC93901001E8625 /* mdb.m in Sources */ = {isa = PBXBuildFile; fileRef = DAB376ED1CC93901001E8625 /* mdb.m */; };
		DAB3770F1CC93901001E8625 /* mdbcreate.m in Sources */ = {isa = PBXBuildFile; fileRef = DAB376EF1CC93901001E8625 /* mdbcreate.m */; };
		DAB377101CC93901001E8625 /* mdirs.m in Sources */ = {isa = PBXBuildFile; fileRef = DAB376F21CC93901001E8625 /* mdirs.m */; };
		DAB377111CC93901001E8625 /* msettings.m in Sources */ = {isa = PBXBuildFile; fileRef = DAB376F61CC93901001E8625 /* msettings.m */; };
		DAB377121CC93901001E8625 /* vblur.m in Sources */ = {isa = PBXBuildFile; fileRef = DAB376FA1CC93901001E8625 /* vblur.m */; };
		DAB377131CC93901001E8625 /* vspinner.m in Sources */ = {isa = PBXBuildFile; fileRef = DAB376FC1CC93901001E8625 /* vspinner.m */; };
		DAE16D831CC9651500C7A812 /* clanding.m in Sources */ = {isa = PBXBuildFile; fileRef = DAE16D821CC9651500C7A812 /* clanding.m */; };
/* End PBXBuildFile section */

/* Begin PBXFileReference section */
		3A2001AE63771271D2DE9BB6 /* Pods-mightyassets.release.xcconfig */ = {isa = PBXFileReference; includeInIndex = 1; lastKnownFileType = text.xcconfig; name = "Pods-mightyassets.release.xcconfig"; path = "Pods/Target Support Files/Pods-mightyassets/Pods-mightyassets.release.xcconfig"; sourceTree = "<group>"; };
		83AA3957F832637C9B59A446 /* libPods-mightyassets.a */ = {isa = PBXFileReference; explicitFileType = archive.ar; includeInIndex = 0; path = "libPods-mightyassets.a"; sourceTree = BUILT_PRODUCTS_DIR; };
		BB378A33F5638E1413452D7C /* Pods-mightyassets.debug.xcconfig */ = {isa = PBXFileReference; includeInIndex = 1; lastKnownFileType = text.xcconfig; name = "Pods-mightyassets.debug.xcconfig"; path = "Pods/Target Support Files/Pods-mightyassets/Pods-mightyassets.debug.xcconfig"; sourceTree = "<group>"; };
		DA94F7AA1CC9476E00FC50C9 /* brand.xcassets */ = {isa = PBXFileReference; lastKnownFileType = folder.assetcatalog; path = brand.xcassets; sourceTree = "<group>"; };
		DA9A40E61CCE531500E49298 /* add.xcassets */ = {isa = PBXFileReference; lastKnownFileType = folder.assetcatalog; path = add.xcassets; sourceTree = "<group>"; };
		DA9A40E81CCE555F00E49298 /* madditempositioniphoneportrait.h */ = {isa = PBXFileReference; fileEncoding = 4; lastKnownFileType = sourcecode.c.h; path = madditempositioniphoneportrait.h; sourceTree = "<group>"; };
		DA9A40E91CCE555F00E49298 /* madditempositioniphoneportrait.m */ = {isa = PBXFileReference; fileEncoding = 4; lastKnownFileType = sourcecode.c.objc; path = madditempositioniphoneportrait.m; sourceTree = "<group>"; };
		DA9A40EB1CCE5B7900E49298 /* madditemposition.h */ = {isa = PBXFileReference; fileEncoding = 4; lastKnownFileType = sourcecode.c.h; path = madditemposition.h; sourceTree = "<group>"; };
		DA9A40EC1CCE5B7900E49298 /* madditemposition.m */ = {isa = PBXFileReference; fileEncoding = 4; lastKnownFileType = sourcecode.c.objc; path = madditemposition.m; sourceTree = "<group>"; };
		DA9A40EE1CCE5C4600E49298 /* vaddcellposition.h */ = {isa = PBXFileReference; fileEncoding = 4; lastKnownFileType = sourcecode.c.h; path = vaddcellposition.h; sourceTree = "<group>"; };
		DA9A40EF1CCE5C4600E49298 /* vaddcellposition.m */ = {isa = PBXFileReference; fileEncoding = 4; lastKnownFileType = sourcecode.c.objc; path = vaddcellposition.m; sourceTree = "<group>"; };
		DA9A40F11CCE5DC100E49298 /* vaddcellpositioncell.h */ = {isa = PBXFileReference; fileEncoding = 4; lastKnownFileType = sourcecode.c.h; path = vaddcellpositioncell.h; sourceTree = "<group>"; };
		DA9A40F21CCE5DC100E49298 /* vaddcellpositioncell.m */ = {isa = PBXFileReference; fileEncoding = 4; lastKnownFileType = sourcecode.c.objc; path = vaddcellpositioncell.m; sourceTree = "<group>"; };
		DA9A40F41CCE5F4400E49298 /* madditempositionitem.h */ = {isa = PBXFileReference; fileEncoding = 4; lastKnownFileType = sourcecode.c.h; path = madditempositionitem.h; sourceTree = "<group>"; };
		DA9A40F51CCE5F4400E49298 /* madditempositionitem.m */ = {isa = PBXFileReference; fileEncoding = 4; lastKnownFileType = sourcecode.c.objc; path = madditempositionitem.m; sourceTree = "<group>"; };
		DA9A40F71CCE602E00E49298 /* madditempositionitemiphoneportraitfull.h */ = {isa = PBXFileReference; fileEncoding = 4; lastKnownFileType = sourcecode.c.h; path = madditempositionitemiphoneportraitfull.h; sourceTree = "<group>"; };
		DA9A40F81CCE602E00E49298 /* madditempositionitemiphoneportraitfull.m */ = {isa = PBXFileReference; fileEncoding = 4; lastKnownFileType = sourcecode.c.objc; path = madditempositionitemiphoneportraitfull.m; sourceTree = "<group>"; };
		DA9A40FA1CCE603900E49298 /* madditempositionitemiphoneportraitusable.h */ = {isa = PBXFileReference; fileEncoding = 4; lastKnownFileType = sourcecode.c.h; path = madditempositionitemiphoneportraitusable.h; sourceTree = "<group>"; };
		DA9A40FB1CCE603900E49298 /* madditempositionitemiphoneportraitusable.m */ = {isa = PBXFileReference; fileEncoding = 4; lastKnownFileType = sourcecode.c.objc; path = madditempositionitemiphoneportraitusable.m; sourceTree = "<group>"; };
		DA9A40FD1CCE6FBC00E49298 /* maddsectionscreens.h */ = {isa = PBXFileReference; fileEncoding = 4; lastKnownFileType = sourcecode.c.h; path = maddsectionscreens.h; sourceTree = "<group>"; };
		DA9A40FE1CCE6FBC00E49298 /* maddsectionscreens.m */ = {isa = PBXFileReference; fileEncoding = 4; lastKnownFileType = sourcecode.c.objc; path = maddsectionscreens.m; sourceTree = "<group>"; };
		DA9A41001CCE738E00E49298 /* madditemscreensedit.h */ = {isa = PBXFileReference; fileEncoding = 4; lastKnownFileType = sourcecode.c.h; path = madditemscreensedit.h; sourceTree = "<group>"; };
		DA9A41011CCE738E00E49298 /* madditemscreensedit.m */ = {isa = PBXFileReference; fileEncoding = 4; lastKnownFileType = sourcecode.c.objc; path = madditemscreensedit.m; sourceTree = "<group>"; };
		DA9A41031CCE753100E49298 /* madditemscreensadd.h */ = {isa = PBXFileReference; fileEncoding = 4; lastKnownFileType = sourcecode.c.h; path = madditemscreensadd.h; sourceTree = "<group>"; };
		DA9A41041CCE753100E49298 /* madditemscreensadd.m */ = {isa = PBXFileReference; fileEncoding = 4; lastKnownFileType = sourcecode.c.objc; path = madditemscreensadd.m; sourceTree = "<group>"; };
		DA9A41061CCE77A100E49298 /* vaddcellscreensedit.h */ = {isa = PBXFileReference; fileEncoding = 4; lastKnownFileType = sourcecode.c.h; path = vaddcellscreensedit.h; sourceTree = "<group>"; };
		DA9A41071CCE77A100E49298 /* vaddcellscreensedit.m */ = {isa = PBXFileReference; fileEncoding = 4; lastKnownFileType = sourcecode.c.objc; path = vaddcellscreensedit.m; sourceTree = "<group>"; };
		DA9A41091CCE77AD00E49298 /* vaddcellscreensadd.h */ = {isa = PBXFileReference; fileEncoding = 4; lastKnownFileType = sourcecode.c.h; path = vaddcellscreensadd.h; sourceTree = "<group>"; };
		DA9A410A1CCE77AD00E49298 /* vaddcellscreensadd.m */ = {isa = PBXFileReference; fileEncoding = 4; lastKnownFileType = sourcecode.c.objc; path = vaddcellscreensadd.m; sourceTree = "<group>"; };
		DAAFB2851CC96842003173A7 /* vlanding.h */ = {isa = PBXFileReference; fileEncoding = 4; lastKnownFileType = sourcecode.c.h; path = vlanding.h; sourceTree = "<group>"; };
		DAAFB2861CC96842003173A7 /* vlanding.m */ = {isa = PBXFileReference; fileEncoding = 4; lastKnownFileType = sourcecode.c.objc; path = vlanding.m; sourceTree = "<group>"; };
		DAAFB2881CC96947003173A7 /* vlandingbar.h */ = {isa = PBXFileReference; fileEncoding = 4; lastKnownFileType = sourcecode.c.h; path = vlandingbar.h; sourceTree = "<group>"; };
		DAAFB2891CC96947003173A7 /* vlandingbar.m */ = {isa = PBXFileReference; fileEncoding = 4; lastKnownFileType = sourcecode.c.objc; path = vlandingbar.m; sourceTree = "<group>"; };
		DAAFB28B1CC970AB003173A7 /* vlandingclearheader.h */ = {isa = PBXFileReference; fileEncoding = 4; lastKnownFileType = sourcecode.c.h; path = vlandingclearheader.h; sourceTree = "<group>"; };
		DAAFB28C1CC970AB003173A7 /* vlandingclearheader.m */ = {isa = PBXFileReference; fileEncoding = 4; lastKnownFileType = sourcecode.c.objc; path = vlandingclearheader.m; sourceTree = "<group>"; };
		DAAFB28E1CC970B4003173A7 /* vlandingcell.h */ = {isa = PBXFileReference; fileEncoding = 4; lastKnownFileType = sourcecode.c.h; path = vlandingcell.h; sourceTree = "<group>"; };
		DAAFB28F1CC970B4003173A7 /* vlandingcell.m */ = {isa = PBXFileReference; fileEncoding = 4; lastKnownFileType = sourcecode.c.objc; path = vlandingcell.m; sourceTree = "<group>"; };
		DAAFB2921CC972C8003173A7 /* mfixedconstraints.h */ = {isa = PBXFileReference; fileEncoding = 4; lastKnownFileType = sourcecode.c.h; path = mfixedconstraints.h; sourceTree = "<group>"; };
		DAAFB2931CC972C8003173A7 /* mfixedconstraints.m */ = {isa = PBXFileReference; fileEncoding = 4; lastKnownFileType = sourcecode.c.objc; path = mfixedconstraints.m; sourceTree = "<group>"; };
		DAAFB2951CC9872A003173A7 /* cadd.h */ = {isa = PBXFileReference; fileEncoding = 4; lastKnownFileType = sourcecode.c.h; path = cadd.h; sourceTree = "<group>"; };
		DAAFB2961CC9872A003173A7 /* cadd.m */ = {isa = PBXFileReference; fileEncoding = 4; lastKnownFileType = sourcecode.c.objc; path = cadd.m; sourceTree = "<group>"; };
		DAAFB2991CC9878C003173A7 /* vadd.h */ = {isa = PBXFileReference; fileEncoding = 4; lastKnownFileType = sourcecode.c.h; path = vadd.h; sourceTree = "<group>"; };
		DAAFB29A1CC9878C003173A7 /* vadd.m */ = {isa = PBXFileReference; fileEncoding = 4; lastKnownFileType = sourcecode.c.objc; path = vadd.m; sourceTree = "<group>"; };
		DAAFB29C1CC98A76003173A7 /* vaddbar.h */ = {isa = PBXFileReference; fileEncoding = 4; lastKnownFileType = sourcecode.c.h; path = vaddbar.h; sourceTree = "<group>"; };
		DAAFB29D1CC98A76003173A7 /* vaddbar.m */ = {isa = PBXFileReference; fileEncoding = 4; lastKnownFileType = sourcecode.c.objc; path = vaddbar.m; sourceTree = "<group>"; };
		DAAFB29F1CC98F8C003173A7 /* vaddcell.h */ = {isa = PBXFileReference; fileEncoding = 4; lastKnownFileType = sourcecode.c.h; path = vaddcell.h; sourceTree = "<group>"; };
		DAAFB2A01CC98F8C003173A7 /* vaddcell.m */ = {isa = PBXFileReference; fileEncoding = 4; lastKnownFileType = sourcecode.c.objc; path = vaddcell.m; sourceTree = "<group>"; };
		DAAFB2A21CC98F9F003173A7 /* vaddheader.h */ = {isa = PBXFileReference; fileEncoding = 4; lastKnownFileType = sourcecode.c.h; path = vaddheader.h; sourceTree = "<group>"; };
		DAAFB2A31CC98F9F003173A7 /* vaddheader.m */ = {isa = PBXFileReference; fileEncoding = 4; lastKnownFileType = sourcecode.c.objc; path = vaddheader.m; sourceTree = "<group>"; };
		DAAFB2A61CC99385003173A7 /* madd.h */ = {isa = PBXFileReference; fileEncoding = 4; lastKnownFileType = sourcecode.c.h; path = madd.h; sourceTree = "<group>"; };
		DAAFB2A71CC99385003173A7 /* madd.m */ = {isa = PBXFileReference; fileEncoding = 4; lastKnownFileType = sourcecode.c.objc; path = madd.m; sourceTree = "<group>"; };
		DAAFB2A91CC9939F003173A7 /* maddsection.h */ = {isa = PBXFileReference; fileEncoding = 4; lastKnownFileType = sourcecode.c.h; path = maddsection.h; sourceTree = "<group>"; };
		DAAFB2AA1CC9939F003173A7 /* maddsection.m */ = {isa = PBXFileReference; fileEncoding = 4; lastKnownFileType = sourcecode.c.objc; path = maddsection.m; sourceTree = "<group>"; };
		DAAFB2AC1CC993DC003173A7 /* madditem.h */ = {isa = PBXFileReference; fileEncoding = 4; lastKnownFileType = sourcecode.c.h; path = madditem.h; sourceTree = "<group>"; };
		DAAFB2AD1CC993DC003173A7 /* madditem.m */ = {isa = PBXFileReference; fileEncoding = 4; lastKnownFileType = sourcecode.c.objc; path = madditem.m; sourceTree = "<group>"; };
		DAAFB2AF1CC994FD003173A7 /* maddsectionproject.h */ = {isa = PBXFileReference; fileEncoding = 4; lastKnownFileType = sourcecode.c.h; path = maddsectionproject.h; sourceTree = "<group>"; };
		DAAFB2B01CC994FD003173A7 /* maddsectionproject.m */ = {isa = PBXFileReference; fileEncoding = 4; lastKnownFileType = sourcecode.c.objc; path = maddsectionproject.m; sourceTree = "<group>"; };
		DAAFB2B21CC9959D003173A7 /* madditemprojectname.h */ = {isa = PBXFileReference; fileEncoding = 4; lastKnownFileType = sourcecode.c.h; path = madditemprojectname.h; sourceTree = "<group>"; };
		DAAFB2B31CC9959D003173A7 /* madditemprojectname.m */ = {isa = PBXFileReference; fileEncoding = 4; lastKnownFileType = sourcecode.c.objc; path = madditemprojectname.m; sourceTree = "<group>"; };
		DAAFB2B51CC9AA20003173A7 /* madditemprojectdevices.h */ = {isa = PBXFileReference; fileEncoding = 4; lastKnownFileType = sourcecode.c.h; path = madditemprojectdevices.h; sourceTree = "<group>"; };
		DAAFB2B61CC9AA20003173A7 /* madditemprojectdevices.m */ = {isa = PBXFileReference; fileEncoding = 4; lastKnownFileType = sourcecode.c.objc; path = madditemprojectdevices.m; sourceTree = "<group>"; };
		DAAFB2B81CC9ACA1003173A7 /* maddsectioncolors.h */ = {isa = PBXFileReference; fileEncoding = 4; lastKnownFileType = sourcecode.c.h; path = maddsectioncolors.h; sourceTree = "<group>"; };
		DAAFB2B91CC9ACA1003173A7 /* maddsectioncolors.m */ = {isa = PBXFileReference; fileEncoding = 4; lastKnownFileType = sourcecode.c.objc; path = maddsectioncolors.m; sourceTree = "<group>"; };
		DAAFB2BB1CC9AD7A003173A7 /* madditemcolorsbackground.h */ = {isa = PBXFileReference; fileEncoding = 4; lastKnownFileType = sourcecode.c.h; path = madditemcolorsbackground.h; sourceTree = "<group>"; };
		DAAFB2BC1CC9AD7A003173A7 /* madditemcolorsbackground.m */ = {isa = PBXFileReference; fileEncoding = 4; lastKnownFileType = sourcecode.c.objc; path = madditemcolorsbackground.m; sourceTree = "<group>"; };
		DAAFB2C11CCA9F06003173A7 /* vaddcellcolor.h */ = {isa = PBXFileReference; fileEncoding = 4; lastKnownFileType = sourcecode.c.h; path = vaddcellcolor.h; sourceTree = "<group>"; };
		DAAFB2C21CCA9F06003173A7 /* vaddcellcolor.m */ = {isa = PBXFileReference; fileEncoding = 4; lastKnownFileType = sourcecode.c.objc; path = vaddcellcolor.m; sourceTree = "<group>"; };
		DAAFB2C41CCAAD6B003173A7 /* madditemcolors.h */ = {isa = PBXFileReference; fileEncoding = 4; lastKnownFileType = sourcecode.c.h; path = madditemcolors.h; sourceTree = "<group>"; };
		DAAFB2C51CCAAD6B003173A7 /* madditemcolors.m */ = {isa = PBXFileReference; fileEncoding = 4; lastKnownFileType = sourcecode.c.objc; path = madditemcolors.m; sourceTree = "<group>"; };
		DAAFB2C71CCAB230003173A7 /* madditemcolorsdevice.h */ = {isa = PBXFileReference; fileEncoding = 4; lastKnownFileType = sourcecode.c.h; path = madditemcolorsdevice.h; sourceTree = "<group>"; };
		DAAFB2C81CCAB230003173A7 /* madditemcolorsdevice.m */ = {isa = PBXFileReference; fileEncoding = 4; lastKnownFileType = sourcecode.c.objc; path = madditemcolorsdevice.m; sourceTree = "<group>"; };
		DAAFB2CA1CCAB37A003173A7 /* madditemcolorstext.h */ = {isa = PBXFileReference; fileEncoding = 4; lastKnownFileType = sourcecode.c.h; path = madditemcolorstext.h; sourceTree = "<group>"; };
		DAAFB2CB1CCAB37A003173A7 /* madditemcolorstext.m */ = {isa = PBXFileReference; fileEncoding = 4; lastKnownFileType = sourcecode.c.objc; path = madditemcolorstext.m; sourceTree = "<group>"; };
		DAAFB2CD1CCAB8D8003173A7 /* caddcolor.h */ = {isa = PBXFileReference; fileEncoding = 4; lastKnownFileType = sourcecode.c.h; path = caddcolor.h; sourceTree = "<group>"; };
		DAAFB2CE1CCAB8D8003173A7 /* caddcolor.m */ = {isa = PBXFileReference; fileEncoding = 4; lastKnownFileType = sourcecode.c.objc; path = caddcolor.m; sourceTree = "<group>"; };
		DAAFB2D11CCABD60003173A7 /* vaddcolor.h */ = {isa = PBXFileReference; fileEncoding = 4; lastKnownFileType = sourcecode.c.h; path = vaddcolor.h; sourceTree = "<group>"; };
		DAAFB2D21CCABD60003173A7 /* vaddcolor.m */ = {isa = PBXFileReference; fileEncoding = 4; lastKnownFileType = sourcecode.c.objc; path = vaddcolor.m; sourceTree = "<group>"; };
		DAAFB2D41CCABD6C003173A7 /* vaddcolorbar.h */ = {isa = PBXFileReference; fileEncoding = 4; lastKnownFileType = sourcecode.c.h; path = vaddcolorbar.h; sourceTree = "<group>"; };
		DAAFB2D51CCABD6C003173A7 /* vaddcolorbar.m */ = {isa = PBXFileReference; fileEncoding = 4; lastKnownFileType = sourcecode.c.objc; path = vaddcolorbar.m; sourceTree = "<group>"; };
		DAAFB2DA1CCC4D1E003173A7 /* generic.xcassets */ = {isa = PBXFileReference; lastKnownFileType = folder.assetcatalog; path = generic.xcassets; sourceTree = "<group>"; };
		DAAFB2DD1CCC5348003173A7 /* maddcolor.h */ = {isa = PBXFileReference; fileEncoding = 4; lastKnownFileType = sourcecode.c.h; path = maddcolor.h; sourceTree = "<group>"; };
		DAAFB2DE1CCC5348003173A7 /* maddcolor.m */ = {isa = PBXFileReference; fileEncoding = 4; lastKnownFileType = sourcecode.c.objc; path = maddcolor.m; sourceTree = "<group>"; };
		DAAFB2E01CCC539E003173A7 /* maddcoloritem.h */ = {isa = PBXFileReference; fileEncoding = 4; lastKnownFileType = sourcecode.c.h; path = maddcoloritem.h; sourceTree = "<group>"; };
		DAAFB2E11CCC539E003173A7 /* maddcoloritem.m */ = {isa = PBXFileReference; fileEncoding = 4; lastKnownFileType = sourcecode.c.objc; path = maddcoloritem.m; sourceTree = "<group>"; };
		DAAFB2E61CCC5777003173A7 /* colors.plist */ = {isa = PBXFileReference; fileEncoding = 4; lastKnownFileType = text.plist.xml; path = colors.plist; sourceTree = "<group>"; };
		DAAFB2E81CCC60D5003173A7 /* vaddcolorcell.h */ = {isa = PBXFileReference; fileEncoding = 4; lastKnownFileType = sourcecode.c.h; path = vaddcolorcell.h; sourceTree = "<group>"; };
		DAAFB2E91CCC60D5003173A7 /* vaddcolorcell.m */ = {isa = PBXFileReference; fileEncoding = 4; lastKnownFileType = sourcecode.c.objc; path = vaddcolorcell.m; sourceTree = "<group>"; };
		DAAFB2EB1CCDBC4D003173A7 /* maddsectionposition.h */ = {isa = PBXFileReference; fileEncoding = 4; lastKnownFileType = sourcecode.c.h; path = maddsectionposition.h; sourceTree = "<group>"; };
		DAAFB2EC1CCDBC4D003173A7 /* maddsectionposition.m */ = {isa = PBXFileReference; fileEncoding = 4; lastKnownFileType = sourcecode.c.objc; path = maddsectionposition.m; sourceTree = "<group>"; };
		DAB376A31CC93769001E8625 /* mightyassets.app */ = {isa = PBXFileReference; explicitFileType = wrapper.application; includeInIndex = 0; path = mightyassets.app; sourceTree = BUILT_PRODUCTS_DIR; };
		DAB376BE1CC93901001E8625 /* mightyassets.db */ = {isa = PBXFileReference; fileEncoding = 4; lastKnownFileType = text; path = mightyassets.db; sourceTree = "<group>"; };
		DAB376C11CC93901001E8625 /* analytics.plist */ = {isa = PBXFileReference; fileEncoding = 4; lastKnownFileType = text.plist.xml; path = analytics.plist; sourceTree = "<group>"; };
		DAB376C21CC93901001E8625 /* defs.plist */ = {isa = PBXFileReference; fileEncoding = 4; lastKnownFileType = text.plist.xml; path = defs.plist; sourceTree = "<group>"; };
		DAB376C41CC93901001E8625 /* en */ = {isa = PBXFileReference; lastKnownFileType = text.plist.strings; name = en; path = en.lproj/Localizable.strings; sourceTree = "<group>"; };
		DAB376C51CC93901001E8625 /* es */ = {isa = PBXFileReference; lastKnownFileType = text.plist.strings; name = es; path = es.lproj/Localizable.strings; sourceTree = "<group>"; };
		DAB376C81CC93901001E8625 /* appdel.h */ = {isa = PBXFileReference; fileEncoding = 4; lastKnownFileType = sourcecode.c.h; path = appdel.h; sourceTree = "<group>"; };
		DAB376C91CC93901001E8625 /* appdel.m */ = {isa = PBXFileReference; fileEncoding = 4; lastKnownFileType = sourcecode.c.objc; path = appdel.m; sourceTree = "<group>"; };
		DAB376CA1CC93901001E8625 /* Info.plist */ = {isa = PBXFileReference; fileEncoding = 4; lastKnownFileType = text.plist.xml; path = Info.plist; sourceTree = "<group>"; };
		DAB376CB1CC93901001E8625 /* main.m */ = {isa = PBXFileReference; fileEncoding = 4; lastKnownFileType = sourcecode.c.objc; path = main.m; sourceTree = "<group>"; };
		DAB376CD1CC93901001E8625 /* analytics.h */ = {isa = PBXFileReference; fileEncoding = 4; lastKnownFileType = sourcecode.c.h; path = analytics.h; sourceTree = "<group>"; };
		DAB376CE1CC93901001E8625 /* analytics.m */ = {isa = PBXFileReference; fileEncoding = 4; lastKnownFileType = sourcecode.c.objc; path = analytics.m; sourceTree = "<group>"; };
		DAB376CF1CC93901001E8625 /* genericconstants.h */ = {isa = PBXFileReference; fileEncoding = 4; lastKnownFileType = sourcecode.c.h; path = genericconstants.h; sourceTree = "<group>"; };
		DAB376D01CC93901001E8625 /* nsnotification+nsnotificationmain.h */ = {isa = PBXFileReference; fileEncoding = 4; lastKnownFileType = sourcecode.c.h; path = "nsnotification+nsnotificationmain.h"; sourceTree = "<group>"; };
		DAB376D11CC93901001E8625 /* nsnotification+nsnotificationmain.m */ = {isa = PBXFileReference; fileEncoding = 4; lastKnownFileType = sourcecode.c.objc; path = "nsnotification+nsnotificationmain.m"; sourceTree = "<group>"; };
		DAB376D21CC93901001E8625 /* tools.h */ = {isa = PBXFileReference; fileEncoding = 4; lastKnownFileType = sourcecode.c.h; path = tools.h; sourceTree = "<group>"; };
		DAB376D31CC93901001E8625 /* tools.m */ = {isa = PBXFileReference; fileEncoding = 4; lastKnownFileType = sourcecode.c.objc; path = tools.m; sourceTree = "<group>"; };
		DAB376D41CC93901001E8625 /* uicolor+uicolormain.h */ = {isa = PBXFileReference; fileEncoding = 4; lastKnownFileType = sourcecode.c.h; path = "uicolor+uicolormain.h"; sourceTree = "<group>"; };
		DAB376D51CC93901001E8625 /* uicolor+uicolormain.m */ = {isa = PBXFileReference; fileEncoding = 4; lastKnownFileType = sourcecode.c.objc; path = "uicolor+uicolormain.m"; sourceTree = "<group>"; };
		DAB376D61CC93901001E8625 /* uifont+uifontmain.h */ = {isa = PBXFileReference; fileEncoding = 4; lastKnownFileType = sourcecode.c.h; path = "uifont+uifontmain.h"; sourceTree = "<group>"; };
		DAB376D71CC93901001E8625 /* uifont+uifontmain.m */ = {isa = PBXFileReference; fileEncoding = 4; lastKnownFileType = sourcecode.c.objc; path = "uifont+uifontmain.m"; sourceTree = "<group>"; };
		DAB376D81CC93901001E8625 /* updater.h */ = {isa = PBXFileReference; fileEncoding = 4; lastKnownFileType = sourcecode.c.h; path = updater.h; sourceTree = "<group>"; };
		DAB376D91CC93901001E8625 /* updater.m */ = {isa = PBXFileReference; fileEncoding = 4; lastKnownFileType = sourcecode.c.objc; path = updater.m; sourceTree = "<group>"; };
		DAB376DC1CC93901001E8625 /* db.h */ = {isa = PBXFileReference; fileEncoding = 4; lastKnownFileType = sourcecode.c.h; path = db.h; sourceTree = "<group>"; };
		DAB376DD1CC93901001E8625 /* libdb.a */ = {isa = PBXFileReference; lastKnownFileType = archive.ar; path = libdb.a; sourceTree = "<group>"; };
		DAB376DE1CC93901001E8625 /* libtimerbg.a */ = {isa = PBXFileReference; lastKnownFileType = archive.ar; path = libtimerbg.a; sourceTree = "<group>"; };
		DAB376E01CC93901001E8625 /* timerbg.h */ = {isa = PBXFileReference; fileEncoding = 4; lastKnownFileType = sourcecode.c.h; path = timerbg.h; sourceTree = "<group>"; };
		DAB376E61CC93901001E8625 /* cmain.h */ = {isa = PBXFileReference; fileEncoding = 4; lastKnownFileType = sourcecode.c.h; path = cmain.h; sourceTree = "<group>"; };
		DAB376E71CC93901001E8625 /* cmain.m */ = {isa = PBXFileReference; fileEncoding = 4; lastKnownFileType = sourcecode.c.objc; path = cmain.m; sourceTree = "<group>"; };
		DAB376E81CC93901001E8625 /* cpages.h */ = {isa = PBXFileReference; fileEncoding = 4; lastKnownFileType = sourcecode.c.h; path = cpages.h; sourceTree = "<group>"; };
		DAB376E91CC93901001E8625 /* cpages.m */ = {isa = PBXFileReference; fileEncoding = 4; lastKnownFileType = sourcecode.c.objc; path = cpages.m; sourceTree = "<group>"; };
		DAB376EC1CC93901001E8625 /* mdb.h */ = {isa = PBXFileReference; fileEncoding = 4; lastKnownFileType = sourcecode.c.h; path = mdb.h; sourceTree = "<group>"; };
		DAB376ED1CC93901001E8625 /* mdb.m */ = {isa = PBXFileReference; fileEncoding = 4; lastKnownFileType = sourcecode.c.objc; path = mdb.m; sourceTree = "<group>"; };
		DAB376EE1CC93901001E8625 /* mdbcreate.h */ = {isa = PBXFileReference; fileEncoding = 4; lastKnownFileType = sourcecode.c.h; path = mdbcreate.h; sourceTree = "<group>"; };
		DAB376EF1CC93901001E8625 /* mdbcreate.m */ = {isa = PBXFileReference; fileEncoding = 4; lastKnownFileType = sourcecode.c.objc; path = mdbcreate.m; sourceTree = "<group>"; };
		DAB376F11CC93901001E8625 /* mdirs.h */ = {isa = PBXFileReference; fileEncoding = 4; lastKnownFileType = sourcecode.c.h; path = mdirs.h; sourceTree = "<group>"; };
		DAB376F21CC93901001E8625 /* mdirs.m */ = {isa = PBXFileReference; fileEncoding = 4; lastKnownFileType = sourcecode.c.objc; path = mdirs.m; sourceTree = "<group>"; };
		DAB376F41CC93901001E8625 /* mgeneral.h */ = {isa = PBXFileReference; fileEncoding = 4; lastKnownFileType = sourcecode.c.h; path = mgeneral.h; sourceTree = "<group>"; };
		DAB376F51CC93901001E8625 /* msettings.h */ = {isa = PBXFileReference; fileEncoding = 4; lastKnownFileType = sourcecode.c.h; path = msettings.h; sourceTree = "<group>"; };
		DAB376F61CC93901001E8625 /* msettings.m */ = {isa = PBXFileReference; fileEncoding = 4; lastKnownFileType = sourcecode.c.objc; path = msettings.m; sourceTree = "<group>"; };
		DAB376F91CC93901001E8625 /* vblur.h */ = {isa = PBXFileReference; fileEncoding = 4; lastKnownFileType = sourcecode.c.h; path = vblur.h; sourceTree = "<group>"; };
		DAB376FA1CC93901001E8625 /* vblur.m */ = {isa = PBXFileReference; fileEncoding = 4; lastKnownFileType = sourcecode.c.objc; path = vblur.m; sourceTree = "<group>"; };
		DAB376FB1CC93901001E8625 /* vspinner.h */ = {isa = PBXFileReference; fileEncoding = 4; lastKnownFileType = sourcecode.c.h; path = vspinner.h; sourceTree = "<group>"; };
		DAB376FC1CC93901001E8625 /* vspinner.m */ = {isa = PBXFileReference; fileEncoding = 4; lastKnownFileType = sourcecode.c.objc; path = vspinner.m; sourceTree = "<group>"; };
		DAB377151CC93EA1001E8625 /* privateconstants.h */ = {isa = PBXFileReference; fileEncoding = 4; lastKnownFileType = sourcecode.c.h; path = privateconstants.h; sourceTree = "<group>"; };
		DAE16D811CC9651500C7A812 /* clanding.h */ = {isa = PBXFileReference; fileEncoding = 4; lastKnownFileType = sourcecode.c.h; path = clanding.h; sourceTree = "<group>"; };
		DAE16D821CC9651500C7A812 /* clanding.m */ = {isa = PBXFileReference; fileEncoding = 4; lastKnownFileType = sourcecode.c.objc; path = clanding.m; sourceTree = "<group>"; };
/* End PBXFileReference section */

/* Begin PBXFrameworksBuildPhase section */
		DAB376A01CC93769001E8625 /* Frameworks */ = {
			isa = PBXFrameworksBuildPhase;
			buildActionMask = 2147483647;
			files = (
				DAB3770B1CC93901001E8625 /* libtimerbg.a in Frameworks */,
				DAB3770A1CC93901001E8625 /* libdb.a in Frameworks */,
				454D86336872A50FF82B25FA /* libPods-mightyassets.a in Frameworks */,
			);
			runOnlyForDeploymentPostprocessing = 0;
		};
/* End PBXFrameworksBuildPhase section */

/* Begin PBXGroup section */
		C2B05C8FED741A36DD0F26C1 /* Frameworks */ = {
			isa = PBXGroup;
			children = (
				83AA3957F832637C9B59A446 /* libPods-mightyassets.a */,
			);
			name = Frameworks;
			sourceTree = "<group>";
		};
		D04F715AC168161BD14B79AB /* Pods */ = {
			isa = PBXGroup;
			children = (
				BB378A33F5638E1413452D7C /* Pods-mightyassets.debug.xcconfig */,
				3A2001AE63771271D2DE9BB6 /* Pods-mightyassets.release.xcconfig */,
			);
			name = Pods;
			sourceTree = "<group>";
		};
		DAAFB2841CC96834003173A7 /* landing */ = {
			isa = PBXGroup;
			children = (
				DAAFB2851CC96842003173A7 /* vlanding.h */,
				DAAFB2861CC96842003173A7 /* vlanding.m */,
				DAAFB2881CC96947003173A7 /* vlandingbar.h */,
				DAAFB2891CC96947003173A7 /* vlandingbar.m */,
				DAAFB28B1CC970AB003173A7 /* vlandingclearheader.h */,
				DAAFB28C1CC970AB003173A7 /* vlandingclearheader.m */,
				DAAFB28E1CC970B4003173A7 /* vlandingcell.h */,
				DAAFB28F1CC970B4003173A7 /* vlandingcell.m */,
			);
			path = landing;
			sourceTree = "<group>";
		};
		DAAFB2911CC97247003173A7 /* landing */ = {
			isa = PBXGroup;
			children = (
			);
			path = landing;
			sourceTree = "<group>";
		};
		DAAFB2981CC98785003173A7 /* add */ = {
			isa = PBXGroup;
			children = (
				DAAFB2991CC9878C003173A7 /* vadd.h */,
				DAAFB29A1CC9878C003173A7 /* vadd.m */,
				DAAFB29C1CC98A76003173A7 /* vaddbar.h */,
				DAAFB29D1CC98A76003173A7 /* vaddbar.m */,
				DAAFB2A21CC98F9F003173A7 /* vaddheader.h */,
				DAAFB2A31CC98F9F003173A7 /* vaddheader.m */,
				DAAFB29F1CC98F8C003173A7 /* vaddcell.h */,
				DAAFB2A01CC98F8C003173A7 /* vaddcell.m */,
				DAAFB2C11CCA9F06003173A7 /* vaddcellcolor.h */,
				DAAFB2C21CCA9F06003173A7 /* vaddcellcolor.m */,
				DA9A40EE1CCE5C4600E49298 /* vaddcellposition.h */,
				DA9A40EF1CCE5C4600E49298 /* vaddcellposition.m */,
				DA9A40F11CCE5DC100E49298 /* vaddcellpositioncell.h */,
				DA9A40F21CCE5DC100E49298 /* vaddcellpositioncell.m */,
				DA9A41061CCE77A100E49298 /* vaddcellscreensedit.h */,
				DA9A41071CCE77A100E49298 /* vaddcellscreensedit.m */,
				DA9A41091CCE77AD00E49298 /* vaddcellscreensadd.h */,
				DA9A410A1CCE77AD00E49298 /* vaddcellscreensadd.m */,
			);
			path = add;
			sourceTree = "<group>";
		};
		DAAFB2A51CC9937D003173A7 /* add */ = {
			isa = PBXGroup;
			children = (
				DAAFB2A61CC99385003173A7 /* madd.h */,
				DAAFB2A71CC99385003173A7 /* madd.m */,
				DAAFB2A91CC9939F003173A7 /* maddsection.h */,
				DAAFB2AA1CC9939F003173A7 /* maddsection.m */,
				DAAFB2AF1CC994FD003173A7 /* maddsectionproject.h */,
				DAAFB2B01CC994FD003173A7 /* maddsectionproject.m */,
				DAAFB2B81CC9ACA1003173A7 /* maddsectioncolors.h */,
				DAAFB2B91CC9ACA1003173A7 /* maddsectioncolors.m */,
				DAAFB2EB1CCDBC4D003173A7 /* maddsectionposition.h */,
				DAAFB2EC1CCDBC4D003173A7 /* maddsectionposition.m */,
				DA9A40FD1CCE6FBC00E49298 /* maddsectionscreens.h */,
				DA9A40FE1CCE6FBC00E49298 /* maddsectionscreens.m */,
				DAAFB2AC1CC993DC003173A7 /* madditem.h */,
				DAAFB2AD1CC993DC003173A7 /* madditem.m */,
				DAAFB2B21CC9959D003173A7 /* madditemprojectname.h */,
				DAAFB2B31CC9959D003173A7 /* madditemprojectname.m */,
				DAAFB2B51CC9AA20003173A7 /* madditemprojectdevices.h */,
				DAAFB2B61CC9AA20003173A7 /* madditemprojectdevices.m */,
				DAAFB2C41CCAAD6B003173A7 /* madditemcolors.h */,
				DAAFB2C51CCAAD6B003173A7 /* madditemcolors.m */,
				DAAFB2BB1CC9AD7A003173A7 /* madditemcolorsbackground.h */,
				DAAFB2BC1CC9AD7A003173A7 /* madditemcolorsbackground.m */,
				DAAFB2C71CCAB230003173A7 /* madditemcolorsdevice.h */,
				DAAFB2C81CCAB230003173A7 /* madditemcolorsdevice.m */,
				DAAFB2CA1CCAB37A003173A7 /* madditemcolorstext.h */,
				DAAFB2CB1CCAB37A003173A7 /* madditemcolorstext.m */,
				DA9A40EB1CCE5B7900E49298 /* madditemposition.h */,
				DA9A40EC1CCE5B7900E49298 /* madditemposition.m */,
				DA9A40F41CCE5F4400E49298 /* madditempositionitem.h */,
				DA9A40F51CCE5F4400E49298 /* madditempositionitem.m */,
				DA9A40E81CCE555F00E49298 /* madditempositioniphoneportrait.h */,
				DA9A40E91CCE555F00E49298 /* madditempositioniphoneportrait.m */,
				DA9A40F71CCE602E00E49298 /* madditempositionitemiphoneportraitfull.h */,
				DA9A40F81CCE602E00E49298 /* madditempositionitemiphoneportraitfull.m */,
				DA9A40FA1CCE603900E49298 /* madditempositionitemiphoneportraitusable.h */,
				DA9A40FB1CCE603900E49298 /* madditempositionitemiphoneportraitusable.m */,
				DA9A41001CCE738E00E49298 /* madditemscreensedit.h */,
				DA9A41011CCE738E00E49298 /* madditemscreensedit.m */,
				DA9A41031CCE753100E49298 /* madditemscreensadd.h */,
				DA9A41041CCE753100E49298 /* madditemscreensadd.m */,
			);
			path = add;
			sourceTree = "<group>";
		};
		DAAFB2D01CCABD54003173A7 /* addcolor */ = {
			isa = PBXGroup;
			children = (
				DAAFB2D11CCABD60003173A7 /* vaddcolor.h */,
				DAAFB2D21CCABD60003173A7 /* vaddcolor.m */,
				DAAFB2D41CCABD6C003173A7 /* vaddcolorbar.h */,
				DAAFB2D51CCABD6C003173A7 /* vaddcolorbar.m */,
				DAAFB2E81CCC60D5003173A7 /* vaddcolorcell.h */,
				DAAFB2E91CCC60D5003173A7 /* vaddcolorcell.m */,
			);
			path = addcolor;
			sourceTree = "<group>";
		};
		DAAFB2DC1CCC532C003173A7 /* addcolor */ = {
			isa = PBXGroup;
			children = (
				DAAFB2DD1CCC5348003173A7 /* maddcolor.h */,
				DAAFB2DE1CCC5348003173A7 /* maddcolor.m */,
				DAAFB2E01CCC539E003173A7 /* maddcoloritem.h */,
				DAAFB2E11CCC539E003173A7 /* maddcoloritem.m */,
			);
			path = addcolor;
			sourceTree = "<group>";
		};
		DAB3769A1CC93768001E8625 = {
			isa = PBXGroup;
			children = (
				DAB376A51CC93769001E8625 /* mightyassets */,
				DAB376A41CC93769001E8625 /* Products */,
				D04F715AC168161BD14B79AB /* Pods */,
				C2B05C8FED741A36DD0F26C1 /* Frameworks */,
			);
			sourceTree = "<group>";
		};
		DAB376A41CC93769001E8625 /* Products */ = {
			isa = PBXGroup;
			children = (
				DAB376A31CC93769001E8625 /* mightyassets.app */,
			);
			name = Products;
			sourceTree = "<group>";
		};
		DAB376A51CC93769001E8625 /* mightyassets */ = {
			isa = PBXGroup;
			children = (
				DAB376BD1CC93901001E8625 /* db */,
				DAB376BF1CC93901001E8625 /* imateq */,
				DAB376C01CC93901001E8625 /* langteq */,
				DAB376C61CC93901001E8625 /* sourceteq */,
			);
			path = mightyassets;
			sourceTree = "<group>";
		};
		DAB376BD1CC93901001E8625 /* db */ = {
			isa = PBXGroup;
			children = (
				DAB376BE1CC93901001E8625 /* mightyassets.db */,
			);
			path = db;
			sourceTree = "<group>";
		};
		DAB376BF1CC93901001E8625 /* imateq */ = {
			isa = PBXGroup;
			children = (
				DA94F7AA1CC9476E00FC50C9 /* brand.xcassets */,
				DAAFB2DA1CCC4D1E003173A7 /* generic.xcassets */,
				DA9A40E61CCE531500E49298 /* add.xcassets */,
			);
			path = imateq;
			sourceTree = "<group>";
		};
		DAB376C01CC93901001E8625 /* langteq */ = {
			isa = PBXGroup;
			children = (
				DAB376C11CC93901001E8625 /* analytics.plist */,
				DAB376C21CC93901001E8625 /* defs.plist */,
				DAB376C31CC93901001E8625 /* Localizable.strings */,
				DAAFB2E61CCC5777003173A7 /* colors.plist */,
			);
			path = langteq;
			sourceTree = "<group>";
		};
		DAB376C61CC93901001E8625 /* sourceteq */ = {
			isa = PBXGroup;
			children = (
				DAB377141CC93EA1001E8625 /* private */,
				DAB376C71CC93901001E8625 /* core */,
				DAB376CC1CC93901001E8625 /* generic */,
				DAB376DA1CC93901001E8625 /* lib */,
				DAB376E31CC93901001E8625 /* source */,
			);
			path = sourceteq;
			sourceTree = "<group>";
		};
		DAB376C71CC93901001E8625 /* core */ = {
			isa = PBXGroup;
			children = (
				DAB376C81CC93901001E8625 /* appdel.h */,
				DAB376C91CC93901001E8625 /* appdel.m */,
				DAB376CA1CC93901001E8625 /* Info.plist */,
				DAB376CB1CC93901001E8625 /* main.m */,
			);
			path = core;
			sourceTree = "<group>";
		};
		DAB376CC1CC93901001E8625 /* generic */ = {
			isa = PBXGroup;
			children = (
				DAB376CD1CC93901001E8625 /* analytics.h */,
				DAB376CE1CC93901001E8625 /* analytics.m */,
				DAB376CF1CC93901001E8625 /* genericconstants.h */,
				DAB376D01CC93901001E8625 /* nsnotification+nsnotificationmain.h */,
				DAB376D11CC93901001E8625 /* nsnotification+nsnotificationmain.m */,
				DAB376D21CC93901001E8625 /* tools.h */,
				DAB376D31CC93901001E8625 /* tools.m */,
				DAB376D41CC93901001E8625 /* uicolor+uicolormain.h */,
				DAB376D51CC93901001E8625 /* uicolor+uicolormain.m */,
				DAB376D61CC93901001E8625 /* uifont+uifontmain.h */,
				DAB376D71CC93901001E8625 /* uifont+uifontmain.m */,
				DAB376D81CC93901001E8625 /* updater.h */,
				DAB376D91CC93901001E8625 /* updater.m */,
			);
			path = generic;
			sourceTree = "<group>";
		};
		DAB376DA1CC93901001E8625 /* lib */ = {
			isa = PBXGroup;
			children = (
				DAB376DB1CC93901001E8625 /* db */,
				DAB376DD1CC93901001E8625 /* libdb.a */,
				DAB376DE1CC93901001E8625 /* libtimerbg.a */,
				DAB376DF1CC93901001E8625 /* timerbg */,
			);
			path = lib;
			sourceTree = "<group>";
		};
		DAB376DB1CC93901001E8625 /* db */ = {
			isa = PBXGroup;
			children = (
				DAB376DC1CC93901001E8625 /* db.h */,
			);
			path = db;
			sourceTree = "<group>";
		};
		DAB376DF1CC93901001E8625 /* timerbg */ = {
			isa = PBXGroup;
			children = (
				DAB376E01CC93901001E8625 /* timerbg.h */,
			);
			path = timerbg;
			sourceTree = "<group>";
		};
		DAB376E31CC93901001E8625 /* source */ = {
			isa = PBXGroup;
			children = (
				DAB376E41CC93901001E8625 /* c */,
				DAB376EA1CC93901001E8625 /* m */,
				DAB376F71CC93901001E8625 /* v */,
			);
			path = source;
			sourceTree = "<group>";
		};
		DAB376E41CC93901001E8625 /* c */ = {
			isa = PBXGroup;
			children = (
				DAE16D7E1CC94D7C00C7A812 /* add */,
				DAE16D7F1CC94D7C00C7A812 /* landing */,
				DAE16D801CC94D7C00C7A812 /* project */,
				DAB376E51CC93901001E8625 /* main */,
			);
			path = c;
			sourceTree = "<group>";
		};
		DAB376E51CC93901001E8625 /* main */ = {
			isa = PBXGroup;
			children = (
				DAB376E61CC93901001E8625 /* cmain.h */,
				DAB376E71CC93901001E8625 /* cmain.m */,
				DAB376E81CC93901001E8625 /* cpages.h */,
				DAB376E91CC93901001E8625 /* cpages.m */,
			);
			path = main;
			sourceTree = "<group>";
		};
		DAB376EA1CC93901001E8625 /* m */ = {
			isa = PBXGroup;
			children = (
				DAAFB2DC1CCC532C003173A7 /* addcolor */,
				DAAFB2A51CC9937D003173A7 /* add */,
				DAAFB2911CC97247003173A7 /* landing */,
				DAB376EB1CC93901001E8625 /* db */,
				DAB376F01CC93901001E8625 /* dirs */,
				DAB376F31CC93901001E8625 /* general */,
			);
			path = m;
			sourceTree = "<group>";
		};
		DAB376EB1CC93901001E8625 /* db */ = {
			isa = PBXGroup;
			children = (
				DAB376EC1CC93901001E8625 /* mdb.h */,
				DAB376ED1CC93901001E8625 /* mdb.m */,
				DAB376EE1CC93901001E8625 /* mdbcreate.h */,
				DAB376EF1CC93901001E8625 /* mdbcreate.m */,
			);
			path = db;
			sourceTree = "<group>";
		};
		DAB376F01CC93901001E8625 /* dirs */ = {
			isa = PBXGroup;
			children = (
				DAB376F11CC93901001E8625 /* mdirs.h */,
				DAB376F21CC93901001E8625 /* mdirs.m */,
			);
			path = dirs;
			sourceTree = "<group>";
		};
		DAB376F31CC93901001E8625 /* general */ = {
			isa = PBXGroup;
			children = (
				DAB376F41CC93901001E8625 /* mgeneral.h */,
				DAB376F51CC93901001E8625 /* msettings.h */,
				DAB376F61CC93901001E8625 /* msettings.m */,
				DAAFB2921CC972C8003173A7 /* mfixedconstraints.h */,
				DAAFB2931CC972C8003173A7 /* mfixedconstraints.m */,
			);
			path = general;
			sourceTree = "<group>";
		};
		DAB376F71CC93901001E8625 /* v */ = {
			isa = PBXGroup;
			children = (
				DAAFB2D01CCABD54003173A7 /* addcolor */,
				DAAFB2981CC98785003173A7 /* add */,
				DAAFB2841CC96834003173A7 /* landing */,
				DAB376F81CC93901001E8625 /* general */,
			);
			path = v;
			sourceTree = "<group>";
		};
		DAB376F81CC93901001E8625 /* general */ = {
			isa = PBXGroup;
			children = (
				DAB376F91CC93901001E8625 /* vblur.h */,
				DAB376FA1CC93901001E8625 /* vblur.m */,
				DAB376FB1CC93901001E8625 /* vspinner.h */,
				DAB376FC1CC93901001E8625 /* vspinner.m */,
			);
			path = general;
			sourceTree = "<group>";
		};
		DAB377141CC93EA1001E8625 /* private */ = {
			isa = PBXGroup;
			children = (
				DAB377151CC93EA1001E8625 /* privateconstants.h */,
			);
			path = private;
			sourceTree = "<group>";
		};
		DAE16D7E1CC94D7C00C7A812 /* add */ = {
			isa = PBXGroup;
			children = (
				DAAFB2951CC9872A003173A7 /* cadd.h */,
				DAAFB2961CC9872A003173A7 /* cadd.m */,
				DAAFB2CD1CCAB8D8003173A7 /* caddcolor.h */,
				DAAFB2CE1CCAB8D8003173A7 /* caddcolor.m */,
			);
			path = add;
			sourceTree = "<group>";
		};
		DAE16D7F1CC94D7C00C7A812 /* landing */ = {
			isa = PBXGroup;
			children = (
				DAE16D811CC9651500C7A812 /* clanding.h */,
				DAE16D821CC9651500C7A812 /* clanding.m */,
			);
			path = landing;
			sourceTree = "<group>";
		};
		DAE16D801CC94D7C00C7A812 /* project */ = {
			isa = PBXGroup;
			children = (
			);
			path = project;
			sourceTree = "<group>";
		};
/* End PBXGroup section */

/* Begin PBXNativeTarget section */
		DAB376A21CC93769001E8625 /* mightyassets */ = {
			isa = PBXNativeTarget;
			buildConfigurationList = DAB376BA1CC93769001E8625 /* Build configuration list for PBXNativeTarget "mightyassets" */;
			buildPhases = (
				7849DA862607922311C031FE /* Check Pods Manifest.lock */,
				DAB3769F1CC93769001E8625 /* Sources */,
				DAB376A01CC93769001E8625 /* Frameworks */,
				DAB376A11CC93769001E8625 /* Resources */,
				EA2685A7DD0C96276A84B2F1 /* Embed Pods Frameworks */,
				30E621E4E9AFD71834F1C3A6 /* Copy Pods Resources */,
			);
			buildRules = (
			);
			dependencies = (
			);
			name = mightyassets;
			productName = mightyassets;
			productReference = DAB376A31CC93769001E8625 /* mightyassets.app */;
			productType = "com.apple.product-type.application";
		};
/* End PBXNativeTarget section */

/* Begin PBXProject section */
		DAB3769B1CC93768001E8625 /* Project object */ = {
			isa = PBXProject;
			attributes = {
				LastUpgradeCheck = 0730;
				ORGANIZATIONNAME = iturbide;
				TargetAttributes = {
					DAB376A21CC93769001E8625 = {
						CreatedOnToolsVersion = 7.3;
						DevelopmentTeam = 7AMWG3RLHN;
					};
				};
			};
			buildConfigurationList = DAB3769E1CC93768001E8625 /* Build configuration list for PBXProject "mightyassets" */;
			compatibilityVersion = "Xcode 3.2";
			developmentRegion = English;
			hasScannedForEncodings = 0;
			knownRegions = (
				en,
				Base,
				es,
			);
			mainGroup = DAB3769A1CC93768001E8625;
			productRefGroup = DAB376A41CC93769001E8625 /* Products */;
			projectDirPath = "";
			projectRoot = "";
			targets = (
				DAB376A21CC93769001E8625 /* mightyassets */,
			);
		};
/* End PBXProject section */

/* Begin PBXResourcesBuildPhase section */
		DAB376A11CC93769001E8625 /* Resources */ = {
			isa = PBXResourcesBuildPhase;
			buildActionMask = 2147483647;
			files = (
				DAB376FD1CC93901001E8625 /* mightyassets.db in Resources */,
				DA9A40E71CCE531500E49298 /* add.xcassets in Resources */,
				DA94F7AB1CC9476E00FC50C9 /* brand.xcassets in Resources */,
				DAB377001CC93901001E8625 /* Localizable.strings in Resources */,
				DAAFB2DB1CCC4D1E003173A7 /* generic.xcassets in Resources */,
				DAB376FF1CC93901001E8625 /* defs.plist in Resources */,
				DAAFB2E71CCC5777003173A7 /* colors.plist in Resources */,
				DAB376FE1CC93901001E8625 /* analytics.plist in Resources */,
			);
			runOnlyForDeploymentPostprocessing = 0;
		};
/* End PBXResourcesBuildPhase section */

/* Begin PBXShellScriptBuildPhase section */
		30E621E4E9AFD71834F1C3A6 /* Copy Pods Resources */ = {
			isa = PBXShellScriptBuildPhase;
			buildActionMask = 2147483647;
			files = (
			);
			inputPaths = (
			);
			name = "Copy Pods Resources";
			outputPaths = (
			);
			runOnlyForDeploymentPostprocessing = 0;
			shellPath = /bin/sh;
			shellScript = "\"${SRCROOT}/Pods/Target Support Files/Pods-mightyassets/Pods-mightyassets-resources.sh\"\n";
			showEnvVarsInLog = 0;
		};
		7849DA862607922311C031FE /* Check Pods Manifest.lock */ = {
			isa = PBXShellScriptBuildPhase;
			buildActionMask = 2147483647;
			files = (
			);
			inputPaths = (
			);
			name = "Check Pods Manifest.lock";
			outputPaths = (
			);
			runOnlyForDeploymentPostprocessing = 0;
			shellPath = /bin/sh;
			shellScript = "diff \"${PODS_ROOT}/../Podfile.lock\" \"${PODS_ROOT}/Manifest.lock\" > /dev/null\nif [[ $? != 0 ]] ; then\n    cat << EOM\nerror: The sandbox is not in sync with the Podfile.lock. Run 'pod install' or update your CocoaPods installation.\nEOM\n    exit 1\nfi\n";
			showEnvVarsInLog = 0;
		};
		EA2685A7DD0C96276A84B2F1 /* Embed Pods Frameworks */ = {
			isa = PBXShellScriptBuildPhase;
			buildActionMask = 2147483647;
			files = (
			);
			inputPaths = (
			);
			name = "Embed Pods Frameworks";
			outputPaths = (
			);
			runOnlyForDeploymentPostprocessing = 0;
			shellPath = /bin/sh;
			shellScript = "\"${SRCROOT}/Pods/Target Support Files/Pods-mightyassets/Pods-mightyassets-frameworks.sh\"\n";
			showEnvVarsInLog = 0;
		};
/* End PBXShellScriptBuildPhase section */

/* Begin PBXSourcesBuildPhase section */
		DAB3769F1CC93769001E8625 /* Sources */ = {
			isa = PBXSourcesBuildPhase;
			buildActionMask = 2147483647;
			files = (
				DA9A41051CCE753100E49298 /* madditemscreensadd.m in Sources */,
				DAAFB2D61CCABD6C003173A7 /* vaddcolorbar.m in Sources */,
				DA9A410B1CCE77AD00E49298 /* vaddcellscreensadd.m in Sources */,
				DA9A40F31CCE5DC100E49298 /* vaddcellpositioncell.m in Sources */,
				DA9A41021CCE738E00E49298 /* madditemscreensedit.m in Sources */,
				DAAFB29B1CC9878C003173A7 /* vadd.m in Sources */,
				DAAFB2C31CCA9F06003173A7 /* vaddcellcolor.m in Sources */,
				DAB3770E1CC93901001E8625 /* mdb.m in Sources */,
				DAAFB2A11CC98F8C003173A7 /* vaddcell.m in Sources */,
				DAB377031CC93901001E8625 /* main.m in Sources */,
				DAB377091CC93901001E8625 /* updater.m in Sources */,
				DAAFB2D31CCABD60003173A7 /* vaddcolor.m in Sources */,
				DAAFB2B11CC994FD003173A7 /* maddsectionproject.m in Sources */,
				DA9A41081CCE77A100E49298 /* vaddcellscreensedit.m in Sources */,
				DAB377081CC93901001E8625 /* uifont+uifontmain.m in Sources */,
				DA9A40EA1CCE555F00E49298 /* madditempositioniphoneportrait.m in Sources */,
				DAE16D831CC9651500C7A812 /* clanding.m in Sources */,
				DAB377011CC93901001E8625 /* appdel.m in Sources */,
				DAB3770F1CC93901001E8625 /* mdbcreate.m in Sources */,
				DAAFB28A1CC96947003173A7 /* vlandingbar.m in Sources */,
				DAAFB2DF1CCC5348003173A7 /* maddcolor.m in Sources */,
				DAB377121CC93901001E8625 /* vblur.m in Sources */,
				DAB377071CC93901001E8625 /* uicolor+uicolormain.m in Sources */,
				DAAFB2B41CC9959D003173A7 /* madditemprojectname.m in Sources */,
				DAAFB2CC1CCAB37A003173A7 /* madditemcolorstext.m in Sources */,
				DAAFB29E1CC98A76003173A7 /* vaddbar.m in Sources */,
				DAB377051CC93901001E8625 /* nsnotification+nsnotificationmain.m in Sources */,
				DA9A40F91CCE602E00E49298 /* madditempositionitemiphoneportraitfull.m in Sources */,
				DAB3770D1CC93901001E8625 /* cpages.m in Sources */,
				DAAFB2C91CCAB230003173A7 /* madditemcolorsdevice.m in Sources */,
				DAAFB2BA1CC9ACA1003173A7 /* maddsectioncolors.m in Sources */,
				DAAFB2B71CC9AA20003173A7 /* madditemprojectdevices.m in Sources */,
				DAB377131CC93901001E8625 /* vspinner.m in Sources */,
				DAAFB2AE1CC993DC003173A7 /* madditem.m in Sources */,
				DAAFB2EA1CCC60D5003173A7 /* vaddcolorcell.m in Sources */,
				DAAFB2BD1CC9AD7A003173A7 /* madditemcolorsbackground.m in Sources */,
				DAAFB2CF1CCAB8D8003173A7 /* caddcolor.m in Sources */,
				DAB3770C1CC93901001E8625 /* cmain.m in Sources */,
				DAB377101CC93901001E8625 /* mdirs.m in Sources */,
				DAAFB2901CC970B4003173A7 /* vlandingcell.m in Sources */,
				DAAFB2AB1CC9939F003173A7 /* maddsection.m in Sources */,
				DAAFB2A81CC99385003173A7 /* madd.m in Sources */,
				DA9A40ED1CCE5B7900E49298 /* madditemposition.m in Sources */,
				DA9A40F01CCE5C4600E49298 /* vaddcellposition.m in Sources */,
				DAAFB2871CC96842003173A7 /* vlanding.m in Sources */,
				DAB377061CC93901001E8625 /* tools.m in Sources */,
				DAAFB2971CC9872A003173A7 /* cadd.m in Sources */,
				DAB377111CC93901001E8625 /* msettings.m in Sources */,
				DA9A40F61CCE5F4400E49298 /* madditempositionitem.m in Sources */,
				DA9A40FF1CCE6FBC00E49298 /* maddsectionscreens.m in Sources */,
				DAAFB2E21CCC539E003173A7 /* maddcoloritem.m in Sources */,
				DA9A40FC1CCE603900E49298 /* madditempositionitemiphoneportraitusable.m in Sources */,
				DAAFB2941CC972C8003173A7 /* mfixedconstraints.m in Sources */,
				DAB377041CC93901001E8625 /* analytics.m in Sources */,
				DAAFB2ED1CCDBC4D003173A7 /* maddsectionposition.m in Sources */,
				DAAFB2A41CC98F9F003173A7 /* vaddheader.m in Sources */,
				DAAFB2C61CCAAD6B003173A7 /* madditemcolors.m in Sources */,
				DAAFB28D1CC970AB003173A7 /* vlandingclearheader.m in Sources */,
			);
			runOnlyForDeploymentPostprocessing = 0;
		};
/* End PBXSourcesBuildPhase section */

/* Begin PBXVariantGroup section */
		DAB376C31CC93901001E8625 /* Localizable.strings */ = {
			isa = PBXVariantGroup;
			children = (
				DAB376C41CC93901001E8625 /* en */,
				DAB376C51CC93901001E8625 /* es */,
			);
			name = Localizable.strings;
			sourceTree = "<group>";
		};
/* End PBXVariantGroup section */

/* Begin XCBuildConfiguration section */
		DAB376B81CC93769001E8625 /* Debug */ = {
			isa = XCBuildConfiguration;
			buildSettings = {
				ALWAYS_SEARCH_USER_PATHS = NO;
				CLANG_ANALYZER_NONNULL = YES;
				CLANG_CXX_LANGUAGE_STANDARD = "gnu++0x";
				CLANG_CXX_LIBRARY = "libc++";
				CLANG_ENABLE_MODULES = YES;
				CLANG_ENABLE_OBJC_ARC = YES;
				CLANG_WARN_BOOL_CONVERSION = YES;
				CLANG_WARN_CONSTANT_CONVERSION = YES;
				CLANG_WARN_DIRECT_OBJC_ISA_USAGE = YES_ERROR;
				CLANG_WARN_EMPTY_BODY = YES;
				CLANG_WARN_ENUM_CONVERSION = YES;
				CLANG_WARN_INT_CONVERSION = YES;
				CLANG_WARN_OBJC_ROOT_CLASS = YES_ERROR;
				CLANG_WARN_UNREACHABLE_CODE = YES;
				CLANG_WARN__DUPLICATE_METHOD_MATCH = YES;
				CODE_SIGN_IDENTITY = "iPhone Developer";
				COPY_PHASE_STRIP = NO;
				DEBUG_INFORMATION_FORMAT = dwarf;
				ENABLE_STRICT_OBJC_MSGSEND = YES;
				ENABLE_TESTABILITY = YES;
				GCC_C_LANGUAGE_STANDARD = gnu99;
				GCC_DYNAMIC_NO_PIC = NO;
				GCC_NO_COMMON_BLOCKS = YES;
				GCC_OPTIMIZATION_LEVEL = 0;
				GCC_PREPROCESSOR_DEFINITIONS = (
					"DEBUG=1",
					"$(inherited)",
				);
				GCC_WARN_64_TO_32_BIT_CONVERSION = YES;
				GCC_WARN_ABOUT_RETURN_TYPE = YES_ERROR;
				GCC_WARN_UNDECLARED_SELECTOR = YES;
				GCC_WARN_UNINITIALIZED_AUTOS = YES_AGGRESSIVE;
				GCC_WARN_UNUSED_FUNCTION = YES;
				GCC_WARN_UNUSED_VARIABLE = YES;
				IPHONEOS_DEPLOYMENT_TARGET = 7.0;
				MTL_ENABLE_DEBUG_INFO = YES;
				ONLY_ACTIVE_ARCH = YES;
				PROVISIONING_PROFILE = "b07d4a15-d668-4c1e-9052-7e1c0998983c";
				SDKROOT = iphoneos;
				TARGETED_DEVICE_FAMILY = "1,2";
			};
			name = Debug;
		};
		DAB376B91CC93769001E8625 /* Release */ = {
			isa = XCBuildConfiguration;
			buildSettings = {
				ALWAYS_SEARCH_USER_PATHS = NO;
				CLANG_ANALYZER_NONNULL = YES;
				CLANG_CXX_LANGUAGE_STANDARD = "gnu++0x";
				CLANG_CXX_LIBRARY = "libc++";
				CLANG_ENABLE_MODULES = YES;
				CLANG_ENABLE_OBJC_ARC = YES;
				CLANG_WARN_BOOL_CONVERSION = YES;
				CLANG_WARN_CONSTANT_CONVERSION = YES;
				CLANG_WARN_DIRECT_OBJC_ISA_USAGE = YES_ERROR;
				CLANG_WARN_EMPTY_BODY = YES;
				CLANG_WARN_ENUM_CONVERSION = YES;
				CLANG_WARN_INT_CONVERSION = YES;
				CLANG_WARN_OBJC_ROOT_CLASS = YES_ERROR;
				CLANG_WARN_UNREACHABLE_CODE = YES;
				CLANG_WARN__DUPLICATE_METHOD_MATCH = YES;
				CODE_SIGN_IDENTITY = "iPhone Distribution";
				COPY_PHASE_STRIP = NO;
				DEBUG_INFORMATION_FORMAT = "dwarf-with-dsym";
				ENABLE_NS_ASSERTIONS = NO;
				ENABLE_STRICT_OBJC_MSGSEND = YES;
				GCC_C_LANGUAGE_STANDARD = gnu99;
				GCC_NO_COMMON_BLOCKS = YES;
				GCC_WARN_64_TO_32_BIT_CONVERSION = YES;
				GCC_WARN_ABOUT_RETURN_TYPE = YES_ERROR;
				GCC_WARN_UNDECLARED_SELECTOR = YES;
				GCC_WARN_UNINITIALIZED_AUTOS = YES_AGGRESSIVE;
				GCC_WARN_UNUSED_FUNCTION = YES;
				GCC_WARN_UNUSED_VARIABLE = YES;
				IPHONEOS_DEPLOYMENT_TARGET = 7.0;
				MTL_ENABLE_DEBUG_INFO = NO;
				PROVISIONING_PROFILE = "9890c42a-ee9a-42df-8945-d018afd06809";
				SDKROOT = iphoneos;
				TARGETED_DEVICE_FAMILY = "1,2";
				VALIDATE_PRODUCT = YES;
			};
			name = Release;
		};
		DAB376BB1CC93769001E8625 /* Debug */ = {
			isa = XCBuildConfiguration;
			baseConfigurationReference = BB378A33F5638E1413452D7C /* Pods-mightyassets.debug.xcconfig */;
			buildSettings = {
				ASSETCATALOG_COMPILER_APPICON_NAME = AppIcon;
				ASSETCATALOG_COMPILER_LAUNCHIMAGE_NAME = "Brand Assets";
				CODE_SIGN_IDENTITY = "iPhone Developer";
				ENABLE_BITCODE = NO;
				INFOPLIST_FILE = "$(SRCROOT)/mightyassets/sourceteq/core/Info.plist";
				LD_RUNPATH_SEARCH_PATHS = "$(inherited) @executable_path/Frameworks";
				LIBRARY_SEARCH_PATHS = (
					"$(inherited)",
					"$(PROJECT_DIR)/mightyassets/sourceteq/lib",
				);
				PRODUCT_BUNDLE_IDENTIFIER = iturbide.mightyassets;
				PRODUCT_NAME = "$(TARGET_NAME)";
				TARGETED_DEVICE_FAMILY = "1,2";
			};
			name = Debug;
		};
		DAB376BC1CC93769001E8625 /* Release */ = {
			isa = XCBuildConfiguration;
			baseConfigurationReference = 3A2001AE63771271D2DE9BB6 /* Pods-mightyassets.release.xcconfig */;
			buildSettings = {
				ASSETCATALOG_COMPILER_APPICON_NAME = AppIcon;
				ASSETCATALOG_COMPILER_LAUNCHIMAGE_NAME = "Brand Assets";
				CODE_SIGN_IDENTITY = "iPhone Developer";
				ENABLE_BITCODE = NO;
				INFOPLIST_FILE = "$(SRCROOT)/mightyassets/sourceteq/core/Info.plist";
				LD_RUNPATH_SEARCH_PATHS = "$(inherited) @executable_path/Frameworks";
				LIBRARY_SEARCH_PATHS = (
					"$(inherited)",
					"$(PROJECT_DIR)/mightyassets/sourceteq/lib",
				);
				PRODUCT_BUNDLE_IDENTIFIER = iturbide.mightyassets;
				PRODUCT_NAME = "$(TARGET_NAME)";
				TARGETED_DEVICE_FAMILY = "1,2";
			};
			name = Release;
		};
/* End XCBuildConfiguration section */

/* Begin XCConfigurationList section */
		DAB3769E1CC93768001E8625 /* Build configuration list for PBXProject "mightyassets" */ = {
			isa = XCConfigurationList;
			buildConfigurations = (
				DAB376B81CC93769001E8625 /* Debug */,
				DAB376B91CC93769001E8625 /* Release */,
			);
			defaultConfigurationIsVisible = 0;
			defaultConfigurationName = Release;
		};
		DAB376BA1CC93769001E8625 /* Build configuration list for PBXNativeTarget "mightyassets" */ = {
			isa = XCConfigurationList;
			buildConfigurations = (
				DAB376BB1CC93769001E8625 /* Debug */,
				DAB376BC1CC93769001E8625 /* Release */,
			);
			defaultConfigurationIsVisible = 0;
			defaultConfigurationName = Release;
		};
/* End XCConfigurationList section */
	};
	rootObject = DAB3769B1CC93768001E8625 /* Project object */;
}
